
Microsoft Visual Studio Solution File, Format Version 12.00
# Visual Studio Version 17
VisualStudioVersion = 17.5.33414.496
MinimumVisualStudioVersion = 10.0.40219.1
Project("{FAE04EC0-301F-11D3-BF4B-00C04F79EFBC}") = "LambdaExpressions", "LambdaExpressions\LambdaExpressions.csproj", "{5B0BC575-C41E-440C-AC4D-515EE5A92A03}"
EndProject
Global
	GlobalSection(SolutionConfigurationPlatforms) = preSolution
		Debug|Any CPU = Debug|Any CPU
		Release|Any CPU = Release|Any CPU
	EndGlobalSection
	GlobalSection(ProjectConfigurationPlatforms) = postSolution
		{5B0BC575-C41E-440C-AC4D-515EE5A92A03}.Debug|Any CPU.ActiveCfg = Debug|Any CPU
		{5B0BC575-C41E-440C-AC4D-515EE5A92A03}.Debug|Any CPU.Build.0 = Debug|Any CPU
		{5B0BC575-C41E-440C-AC4D-515EE5A92A03}.Release|Any CPU.ActiveCfg = Release|Any CPU
		{5B0BC575-C41E-440C-AC4D-515EE5A92A03}.Release|Any CPU.Build.0 = Release|Any CPU
	EndGlobalSection
	GlobalSection(SolutionProperties) = preSolution
		HideSolutionNode = FALSE
	EndGlobalSection
	GlobalSection(ExtensibilityGlobals) = postSolution
		SolutionGuid = {8136DF95-9202-4169-ADE1-1982536D5A80}
	EndGlobalSection
EndGlobal
